// !$*UTF8*$!
{
	archiveVersion = 1;
	classes = {
	};
	objectVersion = 46;
	objects = {

/* Begin PBXBuildFile section */
		64DB51531B42228A008CB9C2 /* AppDelegate.swift in Sources */ = {isa = PBXBuildFile; fileRef = 64DB51521B42228A008CB9C2 /* AppDelegate.swift */; };
		64DB51561B42228A008CB9C2 /* GuestlectureProject.xcdatamodeld in Sources */ = {isa = PBXBuildFile; fileRef = 64DB51541B42228A008CB9C2 /* GuestlectureProject.xcdatamodeld */; };
		64DB51581B42228A008CB9C2 /* ViewController.swift in Sources */ = {isa = PBXBuildFile; fileRef = 64DB51571B42228A008CB9C2 /* ViewController.swift */; };
		64DB515B1B42228A008CB9C2 /* Main.storyboard in Resources */ = {isa = PBXBuildFile; fileRef = 64DB51591B42228A008CB9C2 /* Main.storyboard */; };
		64DB515D1B42228A008CB9C2 /* Images.xcassets in Resources */ = {isa = PBXBuildFile; fileRef = 64DB515C1B42228A008CB9C2 /* Images.xcassets */; };
		64DB51601B42228A008CB9C2 /* LaunchScreen.xib in Resources */ = {isa = PBXBuildFile; fileRef = 64DB515E1B42228A008CB9C2 /* LaunchScreen.xib */; };
		64DB516C1B42228B008CB9C2 /* GuestlectureProjectTests.swift in Sources */ = {isa = PBXBuildFile; fileRef = 64DB516B1B42228B008CB9C2 /* GuestlectureProjectTests.swift */; };
		64DB51761B422487008CB9C2 /* CollectionViewController.swift in Sources */ = {isa = PBXBuildFile; fileRef = 64DB51751B422487008CB9C2 /* CollectionViewController.swift */; };
		64DB51781B422572008CB9C2 /* MyCollectionViewCell.swift in Sources */ = {isa = PBXBuildFile; fileRef = 64DB51771B422572008CB9C2 /* MyCollectionViewCell.swift */; };
		64DB517A1B4229B4008CB9C2 /* AnimationViewController.swift in Sources */ = {isa = PBXBuildFile; fileRef = 64DB51791B4229B4008CB9C2 /* AnimationViewController.swift */; };
/* End PBXBuildFile section */

/* Begin PBXContainerItemProxy section */
		64DB51661B42228B008CB9C2 /* PBXContainerItemProxy */ = {
			isa = PBXContainerItemProxy;
			containerPortal = 64DB51451B42228A008CB9C2 /* Project object */;
			proxyType = 1;
			remoteGlobalIDString = 64DB514C1B42228A008CB9C2;
			remoteInfo = GuestlectureProject;
		};
/* End PBXContainerItemProxy section */

/* Begin PBXFileReference section */
		64DB514D1B42228A008CB9C2 /* GuestlectureProject.app */ = {isa = PBXFileReference; explicitFileType = wrapper.application; includeInIndex = 0; path = GuestlectureProject.app; sourceTree = BUILT_PRODUCTS_DIR; };
		64DB51511B42228A008CB9C2 /* Info.plist */ = {isa = PBXFileReference; lastKnownFileType = text.plist.xml; path = Info.plist; sourceTree = "<group>"; };
		64DB51521B42228A008CB9C2 /* AppDelegate.swift */ = {isa = PBXFileReference; lastKnownFileType = sourcecode.swift; path = AppDelegate.swift; sourceTree = "<group>"; };
		64DB51551B42228A008CB9C2 /* GuestlectureProject.xcdatamodel */ = {isa = PBXFileReference; lastKnownFileType = wrapper.xcdatamodel; path = GuestlectureProject.xcdatamodel; sourceTree = "<group>"; };
		64DB51571B42228A008CB9C2 /* ViewController.swift */ = {isa = PBXFileReference; lastKnownFileType = sourcecode.swift; path = ViewController.swift; sourceTree = "<group>"; };
		64DB515A1B42228A008CB9C2 /* Base */ = {isa = PBXFileReference; lastKnownFileType = file.storyboard; name = Base; path = Base.lproj/Main.storyboard; sourceTree = "<group>"; };
		64DB515C1B42228A008CB9C2 /* Images.xcassets */ = {isa = PBXFileReference; lastKnownFileType = folder.assetcatalog; path = Images.xcassets; sourceTree = "<group>"; };
		64DB515F1B42228A008CB9C2 /* Base */ = {isa = PBXFileReference; lastKnownFileType = file.xib; name = Base; path = Base.lproj/LaunchScreen.xib; sourceTree = "<group>"; };
		64DB51651B42228B008CB9C2 /* GuestlectureProjectTests.xctest */ = {isa = PBXFileReference; explicitFileType = wrapper.cfbundle; includeInIndex = 0; path = GuestlectureProjectTests.xctest; sourceTree = BUILT_PRODUCTS_DIR; };
		64DB516A1B42228B008CB9C2 /* Info.plist */ = {isa = PBXFileReference; lastKnownFileType = text.plist.xml; path = Info.plist; sourceTree = "<group>"; };
		64DB516B1B42228B008CB9C2 /* GuestlectureProjectTests.swift */ = {isa = PBXFileReference; lastKnownFileType = sourcecode.swift; path = GuestlectureProjectTests.swift; sourceTree = "<group>"; };
		64DB51751B422487008CB9C2 /* CollectionViewController.swift */ = {isa = PBXFileReference; fileEncoding = 4; lastKnownFileType = sourcecode.swift; path = CollectionViewController.swift; sourceTree = "<group>"; };
		64DB51771B422572008CB9C2 /* MyCollectionViewCell.swift */ = {isa = PBXFileReference; fileEncoding = 4; lastKnownFileType = sourcecode.swift; path = MyCollectionViewCell.swift; sourceTree = "<group>"; };
		64DB51791B4229B4008CB9C2 /* AnimationViewController.swift */ = {isa = PBXFileReference; fileEncoding = 4; lastKnownFileType = sourcecode.swift; path = AnimationViewController.swift; sourceTree = "<group>"; };
/* End PBXFileReference section */

/* Begin PBXFrameworksBuildPhase section */
		64DB514A1B42228A008CB9C2 /* Frameworks */ = {
			isa = PBXFrameworksBuildPhase;
			buildActionMask = 2147483647;
			files = (
			);
			runOnlyForDeploymentPostprocessing = 0;
		};
		64DB51621B42228B008CB9C2 /* Frameworks */ = {
			isa = PBXFrameworksBuildPhase;
			buildActionMask = 2147483647;
			files = (
			);
			runOnlyForDeploymentPostprocessing = 0;
		};
/* End PBXFrameworksBuildPhase section */

/* Begin PBXGroup section */
		64DB51441B42228A008CB9C2 = {
			isa = PBXGroup;
			children = (
				64DB514F1B42228A008CB9C2 /* GuestlectureProject */,
				64DB51681B42228B008CB9C2 /* GuestlectureProjectTests */,
				64DB514E1B42228A008CB9C2 /* Products */,
			);
			sourceTree = "<group>";
		};
		64DB514E1B42228A008CB9C2 /* Products */ = {
			isa = PBXGroup;
			children = (
				64DB514D1B42228A008CB9C2 /* GuestlectureProject.app */,
				64DB51651B42228B008CB9C2 /* GuestlectureProjectTests.xctest */,
			);
			name = Products;
			sourceTree = "<group>";
		};
		64DB514F1B42228A008CB9C2 /* GuestlectureProject */ = {
			isa = PBXGroup;
			children = (
				64DB51521B42228A008CB9C2 /* AppDelegate.swift */,
				64DB51571B42228A008CB9C2 /* ViewController.swift */,
				64DB51591B42228A008CB9C2 /* Main.storyboard */,
				64DB51791B4229B4008CB9C2 /* AnimationViewController.swift */,
				64DB51751B422487008CB9C2 /* CollectionViewController.swift */,
				64DB51771B422572008CB9C2 /* MyCollectionViewCell.swift */,
				64DB515C1B42228A008CB9C2 /* Images.xcassets */,
				64DB515E1B42228A008CB9C2 /* LaunchScreen.xib */,
				64DB51541B42228A008CB9C2 /* GuestlectureProject.xcdatamodeld */,
				64DB51501B42228A008CB9C2 /* Supporting Files */,
			);
			path = GuestlectureProject;
			sourceTree = "<group>";
		};
		64DB51501B42228A008CB9C2 /* Supporting Files */ = {
			isa = PBXGroup;
			children = (
				64DB51511B42228A008CB9C2 /* Info.plist */,
			);
			name = "Supporting Files";
			sourceTree = "<group>";
		};
		64DB51681B42228B008CB9C2 /* GuestlectureProjectTests */ = {
			isa = PBXGroup;
			children = (
				64DB516B1B42228B008CB9C2 /* GuestlectureProjectTests.swift */,
				64DB51691B42228B008CB9C2 /* Supporting Files */,
			);
			path = GuestlectureProjectTests;
			sourceTree = "<group>";
		};
		64DB51691B42228B008CB9C2 /* Supporting Files */ = {
			isa = PBXGroup;
			children = (
				64DB516A1B42228B008CB9C2 /* Info.plist */,
			);
			name = "Supporting Files";
			sourceTree = "<group>";
		};
/* End PBXGroup section */

/* Begin PBXNativeTarget section */
		64DB514C1B42228A008CB9C2 /* GuestlectureProject */ = {
			isa = PBXNativeTarget;
			buildConfigurationList = 64DB516F1B42228B008CB9C2 /* Build configuration list for PBXNativeTarget "GuestlectureProject" */;
			buildPhases = (
				64DB51491B42228A008CB9C2 /* Sources */,
				64DB514A1B42228A008CB9C2 /* Frameworks */,
				64DB514B1B42228A008CB9C2 /* Resources */,
			);
			buildRules = (
			);
			dependencies = (
			);
			name = GuestlectureProject;
			productName = GuestlectureProject;
			productReference = 64DB514D1B42228A008CB9C2 /* GuestlectureProject.app */;
			productType = "com.apple.product-type.application";
		};
		64DB51641B42228B008CB9C2 /* GuestlectureProjectTests */ = {
			isa = PBXNativeTarget;
			buildConfigurationList = 64DB51721B42228B008CB9C2 /* Build configuration list for PBXNativeTarget "GuestlectureProjectTests" */;
			buildPhases = (
				64DB51611B42228B008CB9C2 /* Sources */,
				64DB51621B42228B008CB9C2 /* Frameworks */,
				64DB51631B42228B008CB9C2 /* Resources */,
			);
			buildRules = (
			);
			dependencies = (
				64DB51671B42228B008CB9C2 /* PBXTargetDependency */,
			);
			name = GuestlectureProjectTests;
			productName = GuestlectureProjectTests;
			productReference = 64DB51651B42228B008CB9C2 /* GuestlectureProjectTests.xctest */;
			productType = "com.apple.product-type.bundle.unit-test";
		};
/* End PBXNativeTarget section */

/* Begin PBXProject section */
		64DB51451B42228A008CB9C2 /* Project object */ = {
			isa = PBXProject;
			attributes = {
				LastUpgradeCheck = 0630;
				ORGANIZATIONNAME = "Adam Wallraff";
				TargetAttributes = {
					64DB514C1B42228A008CB9C2 = {
						CreatedOnToolsVersion = 6.3.2;
					};
					64DB51641B42228B008CB9C2 = {
						CreatedOnToolsVersion = 6.3.2;
						TestTargetID = 64DB514C1B42228A008CB9C2;
					};
				};
			};
			buildConfigurationList = 64DB51481B42228A008CB9C2 /* Build configuration list for PBXProject "GuestlectureProject" */;
			compatibilityVersion = "Xcode 3.2";
			developmentRegion = English;
			hasScannedForEncodings = 0;
			knownRegions = (
				en,
				Base,
			);
			mainGroup = 64DB51441B42228A008CB9C2;
			productRefGroup = 64DB514E1B42228A008CB9C2 /* Products */;
			projectDirPath = "";
			projectRoot = "";
			targets = (
				64DB514C1B42228A008CB9C2 /* GuestlectureProject */,
				64DB51641B42228B008CB9C2 /* GuestlectureProjectTests */,
			);
		};
/* End PBXProject section */

/* Begin PBXResourcesBuildPhase section */
		64DB514B1B42228A008CB9C2 /* Resources */ = {
			isa = PBXResourcesBuildPhase;
			buildActionMask = 2147483647;
			files = (
				64DB515B1B42228A008CB9C2 /* Main.storyboard in Resources */,
				64DB51601B42228A008CB9C2 /* LaunchScreen.xib in Resources */,
				64DB515D1B42228A008CB9C2 /* Images.xcassets in Resources */,
			);
			runOnlyForDeploymentPostprocessing = 0;
		};
		64DB51631B42228B008CB9C2 /* Resources */ = {
			isa = PBXResourcesBuildPhase;
			buildActionMask = 2147483647;
			files = (
			);
			runOnlyForDeploymentPostprocessing = 0;
		};
/* End PBXResourcesBuildPhase section */

/* Begin PBXSourcesBuildPhase section */
		64DB51491B42228A008CB9C2 /* Sources */ = {
			isa = PBXSourcesBuildPhase;
			buildActionMask = 2147483647;
			files = (
				64DB51761B422487008CB9C2 /* CollectionViewController.swift in Sources */,
				64DB51781B422572008CB9C2 /* MyCollectionViewCell.swift in Sources */,
				64DB51581B42228A008CB9C2 /* ViewController.swift in Sources */,
				64DB517A1B4229B4008CB9C2 /* AnimationViewController.swift in Sources */,
				64DB51561B42228A008CB9C2 /* GuestlectureProject.xcdatamodeld in Sources */,
				64DB51531B42228A008CB9C2 /* AppDelegate.swift in Sources */,
			);
			runOnlyForDeploymentPostprocessing = 0;
		};
		64DB51611B42228B008CB9C2 /* Sources */ = {
			isa = PBXSourcesBuildPhase;
			buildActionMask = 2147483647;
			files = (
				64DB516C1B42228B008CB9C2 /* GuestlectureProjectTests.swift in Sources */,
			);
			runOnlyForDeploymentPostprocessing = 0;
		};
/* End PBXSourcesBuildPhase section */

/* Begin PBXTargetDependency section */
		64DB51671B42228B008CB9C2 /* PBXTargetDependency */ = {
			isa = PBXTargetDependency;
			target = 64DB514C1B42228A008CB9C2 /* GuestlectureProject */;
			targetProxy = 64DB51661B42228B008CB9C2 /* PBXContainerItemProxy */;
		};
/* End PBXTargetDependency section */

/* Begin PBXVariantGroup section */
		64DB51591B42228A008CB9C2 /* Main.storyboard */ = {
			isa = PBXVariantGroup;
			children = (
				64DB515A1B42228A008CB9C2 /* Base */,
			);
			name = Main.storyboard;
			sourceTree = "<group>";
		};
		64DB515E1B42228A008CB9C2 /* LaunchScreen.xib */ = {
			isa = PBXVariantGroup;
			children = (
				64DB515F1B42228A008CB9C2 /* Base */,
			);
			name = LaunchScreen.xib;
			sourceTree = "<group>";
		};
/* End PBXVariantGroup section */

/* Begin XCBuildConfiguration section */
		64DB516D1B42228B008CB9C2 /* Debug */ = {
			isa = XCBuildConfiguration;
			buildSettings = {
				ALWAYS_SEARCH_USER_PATHS = NO;
				CLANG_CXX_LANGUAGE_STANDARD = "gnu++0x";
				CLANG_CXX_LIBRARY = "libc++";
				CLANG_ENABLE_MODULES = YES;
				CLANG_ENABLE_OBJC_ARC = YES;
				CLANG_WARN_BOOL_CONVERSION = YES;
				CLANG_WARN_CONSTANT_CONVERSION = YES;
				CLANG_WARN_DIRECT_OBJC_ISA_USAGE = YES_ERROR;
				CLANG_WARN_EMPTY_BODY = YES;
				CLANG_WARN_ENUM_CONVERSION = YES;
				CLANG_WARN_INT_CONVERSION = YES;
				CLANG_WARN_OBJC_ROOT_CLASS = YES_ERROR;
				CLANG_WARN_UNREACHABLE_CODE = YES;
				CLANG_WARN__DUPLICATE_METHOD_MATCH = YES;
				"CODE_SIGN_IDENTITY[sdk=iphoneos*]" = "iPhone Developer";
				COPY_PHASE_STRIP = NO;
				DEBUG_INFORMATION_FORMAT = "dwarf-with-dsym";
				ENABLE_STRICT_OBJC_MSGSEND = YES;
				GCC_C_LANGUAGE_STANDARD = gnu99;
				GCC_DYNAMIC_NO_PIC = NO;
				GCC_NO_COMMON_BLOCKS = YES;
				GCC_OPTIMIZATION_LEVEL = 0;
				GCC_PREPROCESSOR_DEFINITIONS = (
					"DEBUG=1",
					"$(inherited)",
				);
				GCC_SYMBOLS_PRIVATE_EXTERN = NO;
				GCC_WARN_64_TO_32_BIT_CONVERSION = YES;
				GCC_WARN_ABOUT_RETURN_TYPE = YES_ERROR;
				GCC_WARN_UNDECLARED_SELECTOR = YES;
				GCC_WARN_UNINITIALIZED_AUTOS = YES_AGGRESSIVE;
				GCC_WARN_UNUSED_FUNCTION = YES;
				GCC_WARN_UNUSED_VARIABLE = YES;
				IPHONEOS_DEPLOYMENT_TARGET = 8.3;
				MTL_ENABLE_DEBUG_INFO = YES;
				ONLY_ACTIVE_ARCH = YES;
				SDKROOT = iphoneos;
				SWIFT_OPTIMIZATION_LEVEL = "-Onone";
				TARGETED_DEVICE_FAMILY = "1,2";
			};
			name = Debug;
		};
		64DB516E1B42228B008CB9C2 /* Release */ = {
			isa = XCBuildConfiguration;
			buildSettings = {
				ALWAYS_SEARCH_USER_PATHS = NO;
				CLANG_CXX_LANGUAGE_STANDARD = "gnu++0x";
				CLANG_CXX_LIBRARY = "libc++";
				CLANG_ENABLE_MODULES = YES;
				CLANG_ENABLE_OBJC_ARC = YES;
				CLANG_WARN_BOOL_CONVERSION = YES;
				CLANG_WARN_CONSTANT_CONVERSION = YES;
				CLANG_WARN_DIRECT_OBJC_ISA_USAGE = YES_ERROR;
				CLANG_WARN_EMPTY_BODY = YES;
				CLANG_WARN_ENUM_CONVERSION = YES;
				CLANG_WARN_INT_CONVERSION = YES;
				CLANG_WARN_OBJC_ROOT_CLASS = YES_ERROR;
				CLANG_WARN_UNREACHABLE_CODE = YES;
				CLANG_WARN__DUPLICATE_METHOD_MATCH = YES;
				"CODE_SIGN_IDENTITY[sdk=iphoneos*]" = "iPhone Developer";
				COPY_PHASE_STRIP = NO;
				DEBUG_INFORMATION_FORMAT = "dwarf-with-dsym";
				ENABLE_NS_ASSERTIONS = NO;
				ENABLE_STRICT_OBJC_MSGSEND = YES;
				GCC_C_LANGUAGE_STANDARD = gnu99;
				GCC_NO_COMMON_BLOCKS = YES;
				GCC_WARN_64_TO_32_BIT_CONVERSION = YES;
				GCC_WARN_ABOUT_RETURN_TYPE = YES_ERROR;
				GCC_WARN_UNDECLARED_SELECTOR = YES;
				GCC_WARN_UNINITIALIZED_AUTOS = YES_AGGRESSIVE;
				GCC_WARN_UNUSED_FUNCTION = YES;
				GCC_WARN_UNUSED_VARIABLE = YES;
				IPHONEOS_DEPLOYMENT_TARGET = 8.3;
				MTL_ENABLE_DEBUG_INFO = NO;
				SDKROOT = iphoneos;
				TARGETED_DEVICE_FAMILY = "1,2";
				VALIDATE_PRODUCT = YES;
			};
			name = Release;
		};
		64DB51701B42228B008CB9C2 /* Debug */ = {
			isa = XCBuildConfiguration;
			buildSettings = {
				ASSETCATALOG_COMPILER_APPICON_NAME = AppIcon;
				INFOPLIST_FILE = GuestlectureProject/Info.plist;
				LD_RUNPATH_SEARCH_PATHS = "$(inherited) @executable_path/Frameworks";
				PRODUCT_NAME = "$(TARGET_NAME)";
			};
			name = Debug;
		};
		64DB51711B42228B008CB9C2 /* Release */ = {
			isa = XCBuildConfiguration;
			buildSettings = {
				ASSETCATALOG_COMPILER_APPICON_NAME = AppIcon;
				INFOPLIST_FILE = GuestlectureProject/Info.plist;
				LD_RUNPATH_SEARCH_PATHS = "$(inherited) @executable_path/Frameworks";
				PRODUCT_NAME = "$(TARGET_NAME)";
			};
			name = Release;
		};
		64DB51731B42228B008CB9C2 /* Debug */ = {
			isa = XCBuildConfiguration;
			buildSettings = {
				BUNDLE_LOADER = "$(TEST_HOST)";
				FRAMEWORK_SEARCH_PATHS = (
					"$(SDKROOT)/Developer/Library/Frameworks",
					"$(inherited)",
				);
				GCC_PREPROCESSOR_DEFINITIONS = (
					"DEBUG=1",
					"$(inherited)",
				);
				INFOPLIST_FILE = GuestlectureProjectTests/Info.plist;
				LD_RUNPATH_SEARCH_PATHS = "$(inherited) @executable_path/Frameworks @loader_path/Frameworks";
				PRODUCT_NAME = "$(TARGET_NAME)";
				TEST_HOST = "$(BUILT_PRODUCTS_DIR)/GuestlectureProject.app/GuestlectureProject";
			};
			name = Debug;
		};
		64DB51741B42228B008CB9C2 /* Release */ = {
			isa = XCBuildConfiguration;
			buildSettings = {
				BUNDLE_LOADER = "$(TEST_HOST)";
				FRAMEWORK_SEARCH_PATHS = (
					"$(SDKROOT)/Developer/Library/Frameworks",
					"$(inherited)",
				);
				INFOPLIST_FILE = GuestlectureProjectTests/Info.plist;
				LD_RUNPATH_SEARCH_PATHS = "$(inherited) @executable_path/Frameworks @loader_path/Frameworks";
				PRODUCT_NAME = "$(TARGET_NAME)";
				TEST_HOST = "$(BUILT_PRODUCTS_DIR)/GuestlectureProject.app/GuestlectureProject";
			};
			name = Release;
		};
/* End XCBuildConfiguration section */

/* Begin XCConfigurationList section */
		64DB51481B42228A008CB9C2 /* Build configuration list for PBXProject "GuestlectureProject" */ = {
			isa = XCConfigurationList;
			buildConfigurations = (
				64DB516D1B42228B008CB9C2 /* Debug */,
				64DB516E1B42228B008CB9C2 /* Release */,
			);
			defaultConfigurationIsVisible = 0;
			defaultConfigurationName = Release;
		};
		64DB516F1B42228B008CB9C2 /* Build configuration list for PBXNativeTarget "GuestlectureProject" */ = {
			isa = XCConfigurationList;
			buildConfigurations = (
				64DB51701B42228B008CB9C2 /* Debug */,
				64DB51711B42228B008CB9C2 /* Release */,
			);
			defaultConfigurationIsVisible = 0;
		};
		64DB51721B42228B008CB9C2 /* Build configuration list for PBXNativeTarget "GuestlectureProjectTests" */ = {
			isa = XCConfigurationList;
			buildConfigurations = (
				64DB51731B42228B008CB9C2 /* Debug */,
				64DB51741B42228B008CB9C2 /* Release */,
			);
			defaultConfigurationIsVisible = 0;
		};
/* End XCConfigurationList section */

/* Begin XCVersionGroup section */
		64DB51541B42228A008CB9C2 /* GuestlectureProject.xcdatamodeld */ = {
			isa = XCVersionGroup;
			children = (
				64DB51551B42228A008CB9C2 /* GuestlectureProject.xcdatamodel */,
			);
			currentVersion = 64DB51551B42228A008CB9C2 /* GuestlectureProject.xcdatamodel */;
			path = GuestlectureProject.xcdatamodeld;
			sourceTree = "<group>";
			versionGroupType = wrapper.xcdatamodel;
		};
/* End XCVersionGroup section */
	};
	rootObject = 64DB51451B42228A008CB9C2 /* Project object */;
}
